// !$*UTF8*$!
{
	archiveVersion = 1;
	classes = {
	};
	objectVersion = 56;
	objects = {

/* Begin PBXBuildFile section */
		0C336AAF2AA97140007FB396 /* AppDelegate.swift in Sources */ = {isa = PBXBuildFile; fileRef = 0C336AAE2AA97140007FB396 /* AppDelegate.swift */; };
		0C336AB12AA97140007FB396 /* SceneDelegate.swift in Sources */ = {isa = PBXBuildFile; fileRef = 0C336AB02AA97140007FB396 /* SceneDelegate.swift */; };
		0C336AB62AA97140007FB396 /* Main.storyboard in Resources */ = {isa = PBXBuildFile; fileRef = 0C336AB42AA97140007FB396 /* Main.storyboard */; };
		0C336AB82AA97144007FB396 /* Assets.xcassets in Resources */ = {isa = PBXBuildFile; fileRef = 0C336AB72AA97144007FB396 /* Assets.xcassets */; };
		0C336ABB2AA97144007FB396 /* LaunchScreen.storyboard in Resources */ = {isa = PBXBuildFile; fileRef = 0C336AB92AA97144007FB396 /* LaunchScreen.storyboard */; };
		0C336AC62AA97145007FB396 /* Review_JournalTests.swift in Sources */ = {isa = PBXBuildFile; fileRef = 0C336AC52AA97145007FB396 /* Review_JournalTests.swift */; };
		0C336AD02AA97145007FB396 /* Review_JournalUITests.swift in Sources */ = {isa = PBXBuildFile; fileRef = 0C336ACF2AA97145007FB396 /* Review_JournalUITests.swift */; };
		0C336AD22AA97145007FB396 /* Review_JournalUITestsLaunchTests.swift in Sources */ = {isa = PBXBuildFile; fileRef = 0C336AD12AA97145007FB396 /* Review_JournalUITestsLaunchTests.swift */; };
/* End PBXBuildFile section */

/* Begin PBXContainerItemProxy section */
		0C336AC22AA97145007FB396 /* PBXContainerItemProxy */ = {
			isa = PBXContainerItemProxy;
			containerPortal = 0C336AA32AA97140007FB396 /* Project object */;
			proxyType = 1;
			remoteGlobalIDString = 0C336AAA2AA97140007FB396;
			remoteInfo = "Review-Journal";
		};
		0C336ACC2AA97145007FB396 /* PBXContainerItemProxy */ = {
			isa = PBXContainerItemProxy;
			containerPortal = 0C336AA32AA97140007FB396 /* Project object */;
			proxyType = 1;
			remoteGlobalIDString = 0C336AAA2AA97140007FB396;
			remoteInfo = "Review-Journal";
		};
/* End PBXContainerItemProxy section */

/* Begin PBXFileReference section */
		0C336AAB2AA97140007FB396 /* Review-Journal.app */ = {isa = PBXFileReference; explicitFileType = wrapper.application; includeInIndex = 0; path = "Review-Journal.app"; sourceTree = BUILT_PRODUCTS_DIR; };
		0C336AAE2AA97140007FB396 /* AppDelegate.swift */ = {isa = PBXFileReference; lastKnownFileType = sourcecode.swift; path = AppDelegate.swift; sourceTree = "<group>"; };
		0C336AB02AA97140007FB396 /* SceneDelegate.swift */ = {isa = PBXFileReference; lastKnownFileType = sourcecode.swift; path = SceneDelegate.swift; sourceTree = "<group>"; };
		0C336AB52AA97140007FB396 /* Base */ = {isa = PBXFileReference; lastKnownFileType = file.storyboard; name = Base; path = Base.lproj/Main.storyboard; sourceTree = "<group>"; };
		0C336AB72AA97144007FB396 /* Assets.xcassets */ = {isa = PBXFileReference; lastKnownFileType = folder.assetcatalog; path = Assets.xcassets; sourceTree = "<group>"; };
		0C336ABA2AA97144007FB396 /* Base */ = {isa = PBXFileReference; lastKnownFileType = file.storyboard; name = Base; path = Base.lproj/LaunchScreen.storyboard; sourceTree = "<group>"; };
		0C336ABC2AA97144007FB396 /* Info.plist */ = {isa = PBXFileReference; lastKnownFileType = text.plist.xml; path = Info.plist; sourceTree = "<group>"; };
		0C336AC12AA97145007FB396 /* Review-JournalTests.xctest */ = {isa = PBXFileReference; explicitFileType = wrapper.cfbundle; includeInIndex = 0; path = "Review-JournalTests.xctest"; sourceTree = BUILT_PRODUCTS_DIR; };
		0C336AC52AA97145007FB396 /* Review_JournalTests.swift */ = {isa = PBXFileReference; lastKnownFileType = sourcecode.swift; path = Review_JournalTests.swift; sourceTree = "<group>"; };
		0C336ACB2AA97145007FB396 /* Review-JournalUITests.xctest */ = {isa = PBXFileReference; explicitFileType = wrapper.cfbundle; includeInIndex = 0; path = "Review-JournalUITests.xctest"; sourceTree = BUILT_PRODUCTS_DIR; };
		0C336ACF2AA97145007FB396 /* Review_JournalUITests.swift */ = {isa = PBXFileReference; lastKnownFileType = sourcecode.swift; path = Review_JournalUITests.swift; sourceTree = "<group>"; };
		0C336AD12AA97145007FB396 /* Review_JournalUITestsLaunchTests.swift */ = {isa = PBXFileReference; lastKnownFileType = sourcecode.swift; path = Review_JournalUITestsLaunchTests.swift; sourceTree = "<group>"; };
		0C336ADE2AA971AF007FB396 /* Review.swift */ = {isa = PBXFileReference; lastKnownFileType = sourcecode.swift; path = Review.swift; sourceTree = "<group>"; };
		0C336AE02AA97200007FB396 /* ReviewListTableViewController.swift */ = {isa = PBXFileReference; lastKnownFileType = sourcecode.swift; path = ReviewListTableViewController.swift; sourceTree = "<group>"; };
		0C336AE22AA97299007FB396 /* ReviewViewController.swift */ = {isa = PBXFileReference; lastKnownFileType = sourcecode.swift; path = ReviewViewController.swift; sourceTree = "<group>"; };
/* End PBXFileReference section */

/* Begin PBXFrameworksBuildPhase section */
		0C336AA82AA97140007FB396 /* Frameworks */ = {
			isa = PBXFrameworksBuildPhase;
			buildActionMask = 2147483647;
			files = (
			);
			runOnlyForDeploymentPostprocessing = 0;
		};
		0C336ABE2AA97145007FB396 /* Frameworks */ = {
			isa = PBXFrameworksBuildPhase;
			buildActionMask = 2147483647;
			files = (
			);
			runOnlyForDeploymentPostprocessing = 0;
		};
		0C336AC82AA97145007FB396 /* Frameworks */ = {
			isa = PBXFrameworksBuildPhase;
			buildActionMask = 2147483647;
			files = (
			);
			runOnlyForDeploymentPostprocessing = 0;
		};
/* End PBXFrameworksBuildPhase section */

/* Begin PBXGroup section */
		0C336AA22AA97140007FB396 = {
			isa = PBXGroup;
			children = (
				0C336AAD2AA97140007FB396 /* Review-Journal */,
				0C336AC42AA97145007FB396 /* Review-JournalTests */,
				0C336ACE2AA97145007FB396 /* Review-JournalUITests */,
				0C336AAC2AA97140007FB396 /* Products */,
			);
			sourceTree = "<group>";
		};
		0C336AAC2AA97140007FB396 /* Products */ = {
			isa = PBXGroup;
			children = (
				0C336AAB2AA97140007FB396 /* Review-Journal.app */,
				0C336AC12AA97145007FB396 /* Review-JournalTests.xctest */,
				0C336ACB2AA97145007FB396 /* Review-JournalUITests.xctest */,
			);
			name = Products;
			sourceTree = "<group>";
		};
		0C336AAD2AA97140007FB396 /* Review-Journal */ = {
			isa = PBXGroup;
			children = (
				0C336AAE2AA97140007FB396 /* AppDelegate.swift */,
				0C336AB02AA97140007FB396 /* SceneDelegate.swift */,
				0C336AB42AA97140007FB396 /* Main.storyboard */,
				0C336AB72AA97144007FB396 /* Assets.xcassets */,
				0C336AB92AA97144007FB396 /* LaunchScreen.storyboard */,
				0C336ABC2AA97144007FB396 /* Info.plist */,
				0C336ADE2AA971AF007FB396 /* Review.swift */,
				0C336AE02AA97200007FB396 /* ReviewListTableViewController.swift */,
				0C336AE22AA97299007FB396 /* ReviewViewController.swift */,
			);
			path = "Review-Journal";
			sourceTree = "<group>";
		};
		0C336AC42AA97145007FB396 /* Review-JournalTests */ = {
			isa = PBXGroup;
			children = (
				0C336AC52AA97145007FB396 /* Review_JournalTests.swift */,
			);
			path = "Review-JournalTests";
			sourceTree = "<group>";
		};
		0C336ACE2AA97145007FB396 /* Review-JournalUITests */ = {
			isa = PBXGroup;
			children = (
				0C336ACF2AA97145007FB396 /* Review_JournalUITests.swift */,
				0C336AD12AA97145007FB396 /* Review_JournalUITestsLaunchTests.swift */,
			);
			path = "Review-JournalUITests";
			sourceTree = "<group>";
		};
/* End PBXGroup section */

/* Begin PBXNativeTarget section */
		0C336AAA2AA97140007FB396 /* Review-Journal */ = {
			isa = PBXNativeTarget;
			buildConfigurationList = 0C336AD52AA97145007FB396 /* Build configuration list for PBXNativeTarget "Review-Journal" */;
			buildPhases = (
				0C336AA72AA97140007FB396 /* Sources */,
				0C336AA82AA97140007FB396 /* Frameworks */,
				0C336AA92AA97140007FB396 /* Resources */,
			);
			buildRules = (
			);
			dependencies = (
			);
			name = "Review-Journal";
			productName = "Review-Journal";
			productReference = 0C336AAB2AA97140007FB396 /* Review-Journal.app */;
			productType = "com.apple.product-type.application";
		};
		0C336AC02AA97145007FB396 /* Review-JournalTests */ = {
			isa = PBXNativeTarget;
			buildConfigurationList = 0C336AD82AA97145007FB396 /* Build configuration list for PBXNativeTarget "Review-JournalTests" */;
			buildPhases = (
				0C336ABD2AA97145007FB396 /* Sources */,
				0C336ABE2AA97145007FB396 /* Frameworks */,
				0C336ABF2AA97145007FB396 /* Resources */,
			);
			buildRules = (
			);
			dependencies = (
				0C336AC32AA97145007FB396 /* PBXTargetDependency */,
			);
			name = "Review-JournalTests";
			productName = "Review-JournalTests";
			productReference = 0C336AC12AA97145007FB396 /* Review-JournalTests.xctest */;
			productType = "com.apple.product-type.bundle.unit-test";
		};
		0C336ACA2AA97145007FB396 /* Review-JournalUITests */ = {
			isa = PBXNativeTarget;
			buildConfigurationList = 0C336ADB2AA97145007FB396 /* Build configuration list for PBXNativeTarget "Review-JournalUITests" */;
			buildPhases = (
				0C336AC72AA97145007FB396 /* Sources */,
				0C336AC82AA97145007FB396 /* Frameworks */,
				0C336AC92AA97145007FB396 /* Resources */,
			);
			buildRules = (
			);
			dependencies = (
				0C336ACD2AA97145007FB396 /* PBXTargetDependency */,
			);
			name = "Review-JournalUITests";
			productName = "Review-JournalUITests";
			productReference = 0C336ACB2AA97145007FB396 /* Review-JournalUITests.xctest */;
			productType = "com.apple.product-type.bundle.ui-testing";
		};
/* End PBXNativeTarget section */

/* Begin PBXProject section */
		0C336AA32AA97140007FB396 /* Project object */ = {
			isa = PBXProject;
			attributes = {
				BuildIndependentTargetsInParallel = 1;
				LastSwiftUpdateCheck = 1430;
				LastUpgradeCheck = 1430;
				TargetAttributes = {
					0C336AAA2AA97140007FB396 = {
						CreatedOnToolsVersion = 14.3.1;
					};
					0C336AC02AA97145007FB396 = {
						CreatedOnToolsVersion = 14.3.1;
						TestTargetID = 0C336AAA2AA97140007FB396;
					};
					0C336ACA2AA97145007FB396 = {
						CreatedOnToolsVersion = 14.3.1;
						TestTargetID = 0C336AAA2AA97140007FB396;
					};
				};
			};
			buildConfigurationList = 0C336AA62AA97140007FB396 /* Build configuration list for PBXProject "Review-Journal" */;
			compatibilityVersion = "Xcode 14.0";
			developmentRegion = en;
			hasScannedForEncodings = 0;
			knownRegions = (
				en,
				Base,
			);
			mainGroup = 0C336AA22AA97140007FB396;
			productRefGroup = 0C336AAC2AA97140007FB396 /* Products */;
			projectDirPath = "";
			projectRoot = "";
			targets = (
				0C336AAA2AA97140007FB396 /* Review-Journal */,
				0C336AC02AA97145007FB396 /* Review-JournalTests */,
				0C336ACA2AA97145007FB396 /* Review-JournalUITests */,
			);
		};
/* End PBXProject section */

/* Begin PBXResourcesBuildPhase section */
		0C336AA92AA97140007FB396 /* Resources */ = {
			isa = PBXResourcesBuildPhase;
			buildActionMask = 2147483647;
			files = (
				0C336ABB2AA97144007FB396 /* LaunchScreen.storyboard in Resources */,
				0C336AB82AA97144007FB396 /* Assets.xcassets in Resources */,
				0C336AB62AA97140007FB396 /* Main.storyboard in Resources */,
			);
			runOnlyForDeploymentPostprocessing = 0;
		};
		0C336ABF2AA97145007FB396 /* Resources */ = {
			isa = PBXResourcesBuildPhase;
			buildActionMask = 2147483647;
			files = (
			);
			runOnlyForDeploymentPostprocessing = 0;
		};
		0C336AC92AA97145007FB396 /* Resources */ = {
			isa = PBXResourcesBuildPhase;
			buildActionMask = 2147483647;
			files = (
			);
			runOnlyForDeploymentPostprocessing = 0;
		};
/* End PBXResourcesBuildPhase section */

/* Begin PBXSourcesBuildPhase section */
		0C336AA72AA97140007FB396 /* Sources */ = {
			isa = PBXSourcesBuildPhase;
			buildActionMask = 2147483647;
			files = (
				0C336AAF2AA97140007FB396 /* AppDelegate.swift in Sources */,
				0C336AB12AA97140007FB396 /* SceneDelegate.swift in Sources */,
				0C336AE32AA97299007FB396 /* ReviewViewController.swift in Sources */,
				0C336ADF2AA971AF007FB396 /* Review.swift in Sources */,
				0C336AE12AA97200007FB396 /* ReviewListTableViewController.swift in Sources */,
			);
			runOnlyForDeploymentPostprocessing = 0;
		};
		0C336ABD2AA97145007FB396 /* Sources */ = {
			isa = PBXSourcesBuildPhase;
			buildActionMask = 2147483647;
			files = (
				0C336AC62AA97145007FB396 /* Review_JournalTests.swift in Sources */,
			);
			runOnlyForDeploymentPostprocessing = 0;
		};
		0C336AC72AA97145007FB396 /* Sources */ = {
			isa = PBXSourcesBuildPhase;
			buildActionMask = 2147483647;
			files = (
				0C336AD22AA97145007FB396 /* Review_JournalUITestsLaunchTests.swift in Sources */,
				0C336AD02AA97145007FB396 /* Review_JournalUITests.swift in Sources */,
			);
			runOnlyForDeploymentPostprocessing = 0;
		};
/* End PBXSourcesBuildPhase section */

/* Begin PBXTargetDependency section */
		0C336AC32AA97145007FB396 /* PBXTargetDependency */ = {
			isa = PBXTargetDependency;
			target = 0C336AAA2AA97140007FB396 /* Review-Journal */;
			targetProxy = 0C336AC22AA97145007FB396 /* PBXContainerItemProxy */;
		};
		0C336ACD2AA97145007FB396 /* PBXTargetDependency */ = {
			isa = PBXTargetDependency;
			target = 0C336AAA2AA97140007FB396 /* Review-Journal */;
			targetProxy = 0C336ACC2AA97145007FB396 /* PBXContainerItemProxy */;
		};
/* End PBXTargetDependency section */

/* Begin PBXVariantGroup section */
		0C336AB42AA97140007FB396 /* Main.storyboard */ = {
			isa = PBXVariantGroup;
			children = (
				0C336AB52AA97140007FB396 /* Base */,
			);
			name = Main.storyboard;
			sourceTree = "<group>";
		};
		0C336AB92AA97144007FB396 /* LaunchScreen.storyboard */ = {
			isa = PBXVariantGroup;
			children = (
				0C336ABA2AA97144007FB396 /* Base */,
			);
			name = LaunchScreen.storyboard;
			sourceTree = "<group>";
		};
/* End PBXVariantGroup section */

/* Begin XCBuildConfiguration section */
		0C336AD32AA97145007FB396 /* Debug */ = {
			isa = XCBuildConfiguration;
			buildSettings = {
				ALWAYS_SEARCH_USER_PATHS = NO;
				CLANG_ANALYZER_NONNULL = YES;
				CLANG_ANALYZER_NUMBER_OBJECT_CONVERSION = YES_AGGRESSIVE;
				CLANG_CXX_LANGUAGE_STANDARD = "gnu++20";
				CLANG_ENABLE_MODULES = YES;
				CLANG_ENABLE_OBJC_ARC = YES;
				CLANG_ENABLE_OBJC_WEAK = YES;
				CLANG_WARN_BLOCK_CAPTURE_AUTORELEASING = YES;
				CLANG_WARN_BOOL_CONVERSION = YES;
				CLANG_WARN_COMMA = YES;
				CLANG_WARN_CONSTANT_CONVERSION = YES;
				CLANG_WARN_DEPRECATED_OBJC_IMPLEMENTATIONS = YES;
				CLANG_WARN_DIRECT_OBJC_ISA_USAGE = YES_ERROR;
				CLANG_WARN_DOCUMENTATION_COMMENTS = YES;
				CLANG_WARN_EMPTY_BODY = YES;
				CLANG_WARN_ENUM_CONVERSION = YES;
				CLANG_WARN_INFINITE_RECURSION = YES;
				CLANG_WARN_INT_CONVERSION = YES;
				CLANG_WARN_NON_LITERAL_NULL_CONVERSION = YES;
				CLANG_WARN_OBJC_IMPLICIT_RETAIN_SELF = YES;
				CLANG_WARN_OBJC_LITERAL_CONVERSION = YES;
				CLANG_WARN_OBJC_ROOT_CLASS = YES_ERROR;
				CLANG_WARN_QUOTED_INCLUDE_IN_FRAMEWORK_HEADER = YES;
				CLANG_WARN_RANGE_LOOP_ANALYSIS = YES;
				CLANG_WARN_STRICT_PROTOTYPES = YES;
				CLANG_WARN_SUSPICIOUS_MOVE = YES;
				CLANG_WARN_UNGUARDED_AVAILABILITY = YES_AGGRESSIVE;
				CLANG_WARN_UNREACHABLE_CODE = YES;
				CLANG_WARN__DUPLICATE_METHOD_MATCH = YES;
				COPY_PHASE_STRIP = NO;
				DEBUG_INFORMATION_FORMAT = dwarf;
				ENABLE_STRICT_OBJC_MSGSEND = YES;
				ENABLE_TESTABILITY = YES;
				GCC_C_LANGUAGE_STANDARD = gnu11;
				GCC_DYNAMIC_NO_PIC = NO;
				GCC_NO_COMMON_BLOCKS = YES;
				GCC_OPTIMIZATION_LEVEL = 0;
				GCC_PREPROCESSOR_DEFINITIONS = (
					"DEBUG=1",
					"$(inherited)",
				);
				GCC_WARN_64_TO_32_BIT_CONVERSION = YES;
				GCC_WARN_ABOUT_RETURN_TYPE = YES_ERROR;
				GCC_WARN_UNDECLARED_SELECTOR = YES;
				GCC_WARN_UNINITIALIZED_AUTOS = YES_AGGRESSIVE;
				GCC_WARN_UNUSED_FUNCTION = YES;
				GCC_WARN_UNUSED_VARIABLE = YES;
				IPHONEOS_DEPLOYMENT_TARGET = 16.4;
				MTL_ENABLE_DEBUG_INFO = INCLUDE_SOURCE;
				MTL_FAST_MATH = YES;
				ONLY_ACTIVE_ARCH = YES;
				SDKROOT = iphoneos;
				SWIFT_ACTIVE_COMPILATION_CONDITIONS = DEBUG;
				SWIFT_OPTIMIZATION_LEVEL = "-Onone";
			};
			name = Debug;
		};
		0C336AD42AA97145007FB396 /* Release */ = {
			isa = XCBuildConfiguration;
			buildSettings = {
				ALWAYS_SEARCH_USER_PATHS = NO;
				CLANG_ANALYZER_NONNULL = YES;
				CLANG_ANALYZER_NUMBER_OBJECT_CONVERSION = YES_AGGRESSIVE;
				CLANG_CXX_LANGUAGE_STANDARD = "gnu++20";
				CLANG_ENABLE_MODULES = YES;
				CLANG_ENABLE_OBJC_ARC = YES;
				CLANG_ENABLE_OBJC_WEAK = YES;
				CLANG_WARN_BLOCK_CAPTURE_AUTORELEASING = YES;
				CLANG_WARN_BOOL_CONVERSION = YES;
				CLANG_WARN_COMMA = YES;
				CLANG_WARN_CONSTANT_CONVERSION = YES;
				CLANG_WARN_DEPRECATED_OBJC_IMPLEMENTATIONS = YES;
				CLANG_WARN_DIRECT_OBJC_ISA_USAGE = YES_ERROR;
				CLANG_WARN_DOCUMENTATION_COMMENTS = YES;
				CLANG_WARN_EMPTY_BODY = YES;
				CLANG_WARN_ENUM_CONVERSION = YES;
				CLANG_WARN_INFINITE_RECURSION = YES;
				CLANG_WARN_INT_CONVERSION = YES;
				CLANG_WARN_NON_LITERAL_NULL_CONVERSION = YES;
				CLANG_WARN_OBJC_IMPLICIT_RETAIN_SELF = YES;
				CLANG_WARN_OBJC_LITERAL_CONVERSION = YES;
				CLANG_WARN_OBJC_ROOT_CLASS = YES_ERROR;
				CLANG_WARN_QUOTED_INCLUDE_IN_FRAMEWORK_HEADER = YES;
				CLANG_WARN_RANGE_LOOP_ANALYSIS = YES;
				CLANG_WARN_STRICT_PROTOTYPES = YES;
				CLANG_WARN_SUSPICIOUS_MOVE = YES;
				CLANG_WARN_UNGUARDED_AVAILABILITY = YES_AGGRESSIVE;
				CLANG_WARN_UNREACHABLE_CODE = YES;
				CLANG_WARN__DUPLICATE_METHOD_MATCH = YES;
				COPY_PHASE_STRIP = NO;
				DEBUG_INFORMATION_FORMAT = "dwarf-with-dsym";
				ENABLE_NS_ASSERTIONS = NO;
				ENABLE_STRICT_OBJC_MSGSEND = YES;
				GCC_C_LANGUAGE_STANDARD = gnu11;
				GCC_NO_COMMON_BLOCKS = YES;
				GCC_WARN_64_TO_32_BIT_CONVERSION = YES;
				GCC_WARN_ABOUT_RETURN_TYPE = YES_ERROR;
				GCC_WARN_UNDECLARED_SELECTOR = YES;
				GCC_WARN_UNINITIALIZED_AUTOS = YES_AGGRESSIVE;
				GCC_WARN_UNUSED_FUNCTION = YES;
				GCC_WARN_UNUSED_VARIABLE = YES;
				IPHONEOS_DEPLOYMENT_TARGET = 16.4;
				MTL_ENABLE_DEBUG_INFO = NO;
				MTL_FAST_MATH = YES;
				SDKROOT = iphoneos;
				SWIFT_COMPILATION_MODE = wholemodule;
				SWIFT_OPTIMIZATION_LEVEL = "-O";
				VALIDATE_PRODUCT = YES;
			};
			name = Release;
		};
		0C336AD62AA97145007FB396 /* Debug */ = {
			isa = XCBuildConfiguration;
			buildSettings = {
				ASSETCATALOG_COMPILER_APPICON_NAME = AppIcon;
				ASSETCATALOG_COMPILER_GLOBAL_ACCENT_COLOR_NAME = AccentColor;
				CODE_SIGN_STYLE = Automatic;
				CURRENT_PROJECT_VERSION = 1;
				DEVELOPMENT_TEAM = T2ZJVWZ6F2;
				GENERATE_INFOPLIST_FILE = YES;
				INFOPLIST_FILE = "Review-Journal/Info.plist";
				INFOPLIST_KEY_UIApplicationSupportsIndirectInputEvents = YES;
				INFOPLIST_KEY_UILaunchStoryboardName = LaunchScreen;
				INFOPLIST_KEY_UIMainStoryboardFile = Main;
				INFOPLIST_KEY_UISupportedInterfaceOrientations_iPad = "UIInterfaceOrientationPortrait UIInterfaceOrientationPortraitUpsideDown UIInterfaceOrientationLandscapeLeft UIInterfaceOrientationLandscapeRight";
				INFOPLIST_KEY_UISupportedInterfaceOrientations_iPhone = "UIInterfaceOrientationPortrait UIInterfaceOrientationLandscapeLeft UIInterfaceOrientationLandscapeRight";
				LD_RUNPATH_SEARCH_PATHS = (
					"$(inherited)",
					"@executable_path/Frameworks",
				);
				MARKETING_VERSION = 1.0;
				PRODUCT_BUNDLE_IDENTIFIER = "gatech.Review-Journal";
				PRODUCT_NAME = "$(TARGET_NAME)";
				SWIFT_EMIT_LOC_STRINGS = YES;
				SWIFT_VERSION = 5.0;
				TARGETED_DEVICE_FAMILY = "1,2";
			};
			name = Debug;
		};
		0C336AD72AA97145007FB396 /* Release */ = {
			isa = XCBuildConfiguration;
			buildSettings = {
				ASSETCATALOG_COMPILER_APPICON_NAME = AppIcon;
				ASSETCATALOG_COMPILER_GLOBAL_ACCENT_COLOR_NAME = AccentColor;
				CODE_SIGN_STYLE = Automatic;
				CURRENT_PROJECT_VERSION = 1;
				DEVELOPMENT_TEAM = T2ZJVWZ6F2;
				GENERATE_INFOPLIST_FILE = YES;
				INFOPLIST_FILE = "Review-Journal/Info.plist";
				INFOPLIST_KEY_UIApplicationSupportsIndirectInputEvents = YES;
				INFOPLIST_KEY_UILaunchStoryboardName = LaunchScreen;
				INFOPLIST_KEY_UIMainStoryboardFile = Main;
				INFOPLIST_KEY_UISupportedInterfaceOrientations_iPad = "UIInterfaceOrientationPortrait UIInterfaceOrientationPortraitUpsideDown UIInterfaceOrientationLandscapeLeft UIInterfaceOrientationLandscapeRight";
				INFOPLIST_KEY_UISupportedInterfaceOrientations_iPhone = "UIInterfaceOrientationPortrait UIInterfaceOrientationLandscapeLeft UIInterfaceOrientationLandscapeRight";
				LD_RUNPATH_SEARCH_PATHS = (
					"$(inherited)",
					"@executable_path/Frameworks",
				);
				MARKETING_VERSION = 1.0;
				PRODUCT_BUNDLE_IDENTIFIER = "gatech.Review-Journal";
				PRODUCT_NAME = "$(TARGET_NAME)";
				SWIFT_EMIT_LOC_STRINGS = YES;
				SWIFT_VERSION = 5.0;
				TARGETED_DEVICE_FAMILY = "1,2";
			};
			name = Release;
		};
		0C336AD92AA97145007FB396 /* Debug */ = {
			isa = XCBuildConfiguration;
			buildSettings = {
				ALWAYS_EMBED_SWIFT_STANDARD_LIBRARIES = YES;
				BUNDLE_LOADER = "$(TEST_HOST)";
				CODE_SIGN_STYLE = Automatic;
				CURRENT_PROJECT_VERSION = 1;
				DEVELOPMENT_TEAM = T2ZJVWZ6F2;
				GENERATE_INFOPLIST_FILE = YES;
				IPHONEOS_DEPLOYMENT_TARGET = 16.4;
				MARKETING_VERSION = 1.0;
				PRODUCT_BUNDLE_IDENTIFIER = "gatech.Review-JournalTests";
				PRODUCT_NAME = "$(TARGET_NAME)";
				SWIFT_EMIT_LOC_STRINGS = NO;
				SWIFT_VERSION = 5.0;
				TARGETED_DEVICE_FAMILY = "1,2";
				TEST_HOST = "$(BUILT_PRODUCTS_DIR)/Review-Journal.app/$(BUNDLE_EXECUTABLE_FOLDER_PATH)/Review-Journal";
			};
			name = Debug;
		};
		0C336ADA2AA97145007FB396 /* Release */ = {
			isa = XCBuildConfiguration;
			buildSettings = {
				ALWAYS_EMBED_SWIFT_STANDARD_LIBRARIES = YES;
				BUNDLE_LOADER = "$(TEST_HOST)";
				CODE_SIGN_STYLE = Automatic;
				CURRENT_PROJECT_VERSION = 1;
				DEVELOPMENT_TEAM = T2ZJVWZ6F2;
				GENERATE_INFOPLIST_FILE = YES;
				IPHONEOS_DEPLOYMENT_TARGET = 16.4;
				MARKETING_VERSION = 1.0;
				PRODUCT_BUNDLE_IDENTIFIER = "gatech.Review-JournalTests";
				PRODUCT_NAME = "$(TARGET_NAME)";
				SWIFT_EMIT_LOC_STRINGS = NO;
				SWIFT_VERSION = 5.0;
				TARGETED_DEVICE_FAMILY = "1,2";
				TEST_HOST = "$(BUILT_PRODUCTS_DIR)/Review-Journal.app/$(BUNDLE_EXECUTABLE_FOLDER_PATH)/Review-Journal";
			};
			name = Release;
		};
		0C336ADC2AA97145007FB396 /* Debug */ = {
			isa = XCBuildConfiguration;
			buildSettings = {
				ALWAYS_EMBED_SWIFT_STANDARD_LIBRARIES = YES;
				CODE_SIGN_STYLE = Automatic;
				CURRENT_PROJECT_VERSION = 1;
				DEVELOPMENT_TEAM = T2ZJVWZ6F2;
				GENERATE_INFOPLIST_FILE = YES;
				MARKETING_VERSION = 1.0;
				PRODUCT_BUNDLE_IDENTIFIER = "gatech.Review-JournalUITests";
				PRODUCT_NAME = "$(TARGET_NAME)";
				SWIFT_EMIT_LOC_STRINGS = NO;
				SWIFT_VERSION = 5.0;
				TARGETED_DEVICE_FAMILY = "1,2";
				TEST_TARGET_NAME = "Review-Journal";
			};
			name = Debug;
		};
		0C336ADD2AA97145007FB396 /* Release */ = {
			isa = XCBuildConfiguration;
			buildSettings = {
				ALWAYS_EMBED_SWIFT_STANDARD_LIBRARIES = YES;
				CODE_SIGN_STYLE = Automatic;
				CURRENT_PROJECT_VERSION = 1;
				DEVELOPMENT_TEAM = T2ZJVWZ6F2;
				GENERATE_INFOPLIST_FILE = YES;
				MARKETING_VERSION = 1.0;
				PRODUCT_BUNDLE_IDENTIFIER = "gatech.Review-JournalUITests";
				PRODUCT_NAME = "$(TARGET_NAME)";
				SWIFT_EMIT_LOC_STRINGS = NO;
				SWIFT_VERSION = 5.0;
				TARGETED_DEVICE_FAMILY = "1,2";
				TEST_TARGET_NAME = "Review-Journal";
			};
			name = Release;
		};
/* End XCBuildConfiguration section */

/* Begin XCConfigurationList section */
		0C336AA62AA97140007FB396 /* Build configuration list for PBXProject "Review-Journal" */ = {
			isa = XCConfigurationList;
			buildConfigurations = (
				0C336AD32AA97145007FB396 /* Debug */,
				0C336AD42AA97145007FB396 /* Release */,
			);
			defaultConfigurationIsVisible = 0;
			defaultConfigurationName = Release;
		};
		0C336AD52AA97145007FB396 /* Build configuration list for PBXNativeTarget "Review-Journal" */ = {
			isa = XCConfigurationList;
			buildConfigurations = (
				0C336AD62AA97145007FB396 /* Debug */,
				0C336AD72AA97145007FB396 /* Release */,
			);
			defaultConfigurationIsVisible = 0;
			defaultConfigurationName = Release;
		};
		0C336AD82AA97145007FB396 /* Build configuration list for PBXNativeTarget "Review-JournalTests" */ = {
			isa = XCConfigurationList;
			buildConfigurations = (
				0C336AD92AA97145007FB396 /* Debug */,
				0C336ADA2AA97145007FB396 /* Release */,
			);
			defaultConfigurationIsVisible = 0;
			defaultConfigurationName = Release;
		};
		0C336ADB2AA97145007FB396 /* Build configuration list for PBXNativeTarget "Review-JournalUITests" */ = {
			isa = XCConfigurationList;
			buildConfigurations = (
				0C336ADC2AA97145007FB396 /* Debug */,
				0C336ADD2AA97145007FB396 /* Release */,
			);
			defaultConfigurationIsVisible = 0;
			defaultConfigurationName = Release;
		};
/* End XCConfigurationList section */
	};
	rootObject = 0C336AA32AA97140007FB396 /* Project object */;
}
